
Microsoft Visual Studio Solution File, Format Version 12.00
# Visual Studio 15
VisualStudioVersion = 15.0.26730.12
MinimumVisualStudioVersion = 10.0.40219.1
Project("{FAE04EC0-301F-11D3-BF4B-00C04F79EFBC}") = "ps1.5", "ps1.5\ps1.5.csproj", "{BD76769C-296B-4F2E-82B4-874CA07EECF5}"
EndProject
Global
	GlobalSection(SolutionConfigurationPlatforms) = preSolution
		Debug|Any CPU = Debug|Any CPU
		Release|Any CPU = Release|Any CPU
	EndGlobalSection
	GlobalSection(ProjectConfigurationPlatforms) = postSolution
		{BD76769C-296B-4F2E-82B4-874CA07EECF5}.Debug|Any CPU.ActiveCfg = Debug|Any CPU
		{BD76769C-296B-4F2E-82B4-874CA07EECF5}.Debug|Any CPU.Build.0 = Debug|Any CPU
		{BD76769C-296B-4F2E-82B4-874CA07EECF5}.Release|Any CPU.ActiveCfg = Release|Any CPU
		{BD76769C-296B-4F2E-82B4-874CA07EECF5}.Release|Any CPU.Build.0 = Release|Any CPU
	EndGlobalSection
	GlobalSection(SolutionProperties) = preSolution
		HideSolutionNode = FALSE
	EndGlobalSection
	GlobalSection(ExtensibilityGlobals) = postSolution
		SolutionGuid = {89111624-A7D4-4471-B9D5-0E5710F27096}
	EndGlobalSection
EndGlobal
